
Microsoft Visual Studio Solution File, Format Version 12.00
# Visual Studio Version 17
VisualStudioVersion = 17.3.32825.248
MinimumVisualStudioVersion = 10.0.40219.1
Project("{9A19103F-16F7-4668-BE54-9A1E7A4F7556}") = "Server", "Server\Server.csproj", "{7E8BAFB3-2038-496D-9AD1-B2919A595B95}"
EndProject
Project("{9A19103F-16F7-4668-BE54-9A1E7A4F7556}") = "Client", "Client\Client.csproj", "{5E75F252-080C-4941-888B-0C572FC04948}"
EndProject
Project("{9A19103F-16F7-4668-BE54-9A1E7A4F7556}") = "BaseLibrary", "BaseLibrary\BaseLibrary.csproj", "{A8B7D844-C560-418E-A9C3-D11D3BA688E7}"
EndProject
Project("{9A19103F-16F7-4668-BE54-9A1E7A4F7556}") = "ClientLibrary", "ClientLibrary\ClientLibrary.csproj", "{61549F43-C0FE-404A-86D9-29CD1ADBBB0F}"
EndProject
Project("{9A19103F-16F7-4668-BE54-9A1E7A4F7556}") = "ServerLibrary", "ServerLibrary\ServerLibrary.csproj", "{0992F91A-7E09-46EB-A86C-70CB1C043E5B}"
EndProject
Global
	GlobalSection(SolutionConfigurationPlatforms) = preSolution
		Debug|Any CPU = Debug|Any CPU
		Release|Any CPU = Release|Any CPU
	EndGlobalSection
	GlobalSection(ProjectConfigurationPlatforms) = postSolution
		{7E8BAFB3-2038-496D-9AD1-B2919A595B95}.Debug|Any CPU.ActiveCfg = Debug|Any CPU
		{7E8BAFB3-2038-496D-9AD1-B2919A595B95}.Debug|Any CPU.Build.0 = Debug|Any CPU
		{7E8BAFB3-2038-496D-9AD1-B2919A595B95}.Release|Any CPU.ActiveCfg = Release|Any CPU
		{7E8BAFB3-2038-496D-9AD1-B2919A595B95}.Release|Any CPU.Build.0 = Release|Any CPU
		{5E75F252-080C-4941-888B-0C572FC04948}.Debug|Any CPU.ActiveCfg = Debug|Any CPU
		{5E75F252-080C-4941-888B-0C572FC04948}.Debug|Any CPU.Build.0 = Debug|Any CPU
		{5E75F252-080C-4941-888B-0C572FC04948}.Release|Any CPU.ActiveCfg = Release|Any CPU
		{5E75F252-080C-4941-888B-0C572FC04948}.Release|Any CPU.Build.0 = Release|Any CPU
		{A8B7D844-C560-418E-A9C3-D11D3BA688E7}.Debug|Any CPU.ActiveCfg = Debug|Any CPU
		{A8B7D844-C560-418E-A9C3-D11D3BA688E7}.Debug|Any CPU.Build.0 = Debug|Any CPU
		{A8B7D844-C560-418E-A9C3-D11D3BA688E7}.Release|Any CPU.ActiveCfg = Release|Any CPU
		{A8B7D844-C560-418E-A9C3-D11D3BA688E7}.Release|Any CPU.Build.0 = Release|Any CPU
		{61549F43-C0FE-404A-86D9-29CD1ADBBB0F}.Debug|Any CPU.ActiveCfg = Debug|Any CPU
		{61549F43-C0FE-404A-86D9-29CD1ADBBB0F}.Debug|Any CPU.Build.0 = Debug|Any CPU
		{61549F43-C0FE-404A-86D9-29CD1ADBBB0F}.Release|Any CPU.ActiveCfg = Release|Any CPU
		{61549F43-C0FE-404A-86D9-29CD1ADBBB0F}.Release|Any CPU.Build.0 = Release|Any CPU
		{0992F91A-7E09-46EB-A86C-70CB1C043E5B}.Debug|Any CPU.ActiveCfg = Debug|Any CPU
		{0992F91A-7E09-46EB-A86C-70CB1C043E5B}.Debug|Any CPU.Build.0 = Debug|Any CPU
		{0992F91A-7E09-46EB-A86C-70CB1C043E5B}.Release|Any CPU.ActiveCfg = Release|Any CPU
		{0992F91A-7E09-46EB-A86C-70CB1C043E5B}.Release|Any CPU.Build.0 = Release|Any CPU
	EndGlobalSection
	GlobalSection(SolutionProperties) = preSolution
		HideSolutionNode = FALSE
	EndGlobalSection
	GlobalSection(ExtensibilityGlobals) = postSolution
		SolutionGuid = {0C83C7E6-3592-4F93-B8D1-025B9F90802E}
	EndGlobalSection
EndGlobal
